// !$*UTF8*$!
{
	archiveVersion = 1;
	classes = {
	};
	objectVersion = 55;
	objects = {

/* Begin PBXBuildFile section */
		B8605E92282B869E0046326F /* ProfileViewController.swift in Sources */ = {isa = PBXBuildFile; fileRef = B8605E91282B869E0046326F /* ProfileViewController.swift */; };
		B8D72B11282B5E8800FCCE0C /* LoginViewController.swift in Sources */ = {isa = PBXBuildFile; fileRef = B8D72B10282B5E8800FCCE0C /* LoginViewController.swift */; };
		B8D72B13282B62DE00FCCE0C /* ConversationsViewController.swift in Sources */ = {isa = PBXBuildFile; fileRef = B8F5E8072821133D00A4FAC9 /* ConversationsViewController.swift */; };
		B8D72B15282B633000FCCE0C /* RegisterViewController.swift in Sources */ = {isa = PBXBuildFile; fileRef = B8D72B14282B633000FCCE0C /* RegisterViewController.swift */; };
		B8D72B17282B646E00FCCE0C /* PhotoViewerViewController.swift in Sources */ = {isa = PBXBuildFile; fileRef = B8D72B16282B646E00FCCE0C /* PhotoViewerViewController.swift */; };
		B8D72B19282B649700FCCE0C /* VideoPlayerViewController.swift in Sources */ = {isa = PBXBuildFile; fileRef = B8D72B18282B649700FCCE0C /* VideoPlayerViewController.swift */; };
		B8D72B1B282B64FB00FCCE0C /* NewConversationViewController.swift in Sources */ = {isa = PBXBuildFile; fileRef = B8D72B1A282B64FB00FCCE0C /* NewConversationViewController.swift */; };
		B8F5E8042821133D00A4FAC9 /* AppDelegate.swift in Sources */ = {isa = PBXBuildFile; fileRef = B8F5E8032821133D00A4FAC9 /* AppDelegate.swift */; };
		B8F5E8062821133D00A4FAC9 /* SceneDelegate.swift in Sources */ = {isa = PBXBuildFile; fileRef = B8F5E8052821133D00A4FAC9 /* SceneDelegate.swift */; };
		B8F5E80B2821133D00A4FAC9 /* Main.storyboard in Resources */ = {isa = PBXBuildFile; fileRef = B8F5E8092821133D00A4FAC9 /* Main.storyboard */; };
		B8F5E80D2821133E00A4FAC9 /* Assets.xcassets in Resources */ = {isa = PBXBuildFile; fileRef = B8F5E80C2821133E00A4FAC9 /* Assets.xcassets */; };
		B8F5E8102821133E00A4FAC9 /* LaunchScreen.storyboard in Resources */ = {isa = PBXBuildFile; fileRef = B8F5E80E2821133E00A4FAC9 /* LaunchScreen.storyboard */; };
		B8F5E81B2821133E00A4FAC9 /* MessengerTests.swift in Sources */ = {isa = PBXBuildFile; fileRef = B8F5E81A2821133E00A4FAC9 /* MessengerTests.swift */; };
		B8F5E8252821133E00A4FAC9 /* MessengerUITests.swift in Sources */ = {isa = PBXBuildFile; fileRef = B8F5E8242821133E00A4FAC9 /* MessengerUITests.swift */; };
		B8F5E8272821133E00A4FAC9 /* MessengerUITestsLaunchTests.swift in Sources */ = {isa = PBXBuildFile; fileRef = B8F5E8262821133E00A4FAC9 /* MessengerUITestsLaunchTests.swift */; };
/* End PBXBuildFile section */

/* Begin PBXContainerItemProxy section */
		B8F5E8172821133E00A4FAC9 /* PBXContainerItemProxy */ = {
			isa = PBXContainerItemProxy;
			containerPortal = B8F5E7F82821133D00A4FAC9 /* Project object */;
			proxyType = 1;
			remoteGlobalIDString = B8F5E7FF2821133D00A4FAC9;
			remoteInfo = Messenger;
		};
		B8F5E8212821133E00A4FAC9 /* PBXContainerItemProxy */ = {
			isa = PBXContainerItemProxy;
			containerPortal = B8F5E7F82821133D00A4FAC9 /* Project object */;
			proxyType = 1;
			remoteGlobalIDString = B8F5E7FF2821133D00A4FAC9;
			remoteInfo = Messenger;
		};
/* End PBXContainerItemProxy section */

/* Begin PBXFileReference section */
		B8605E91282B869E0046326F /* ProfileViewController.swift */ = {isa = PBXFileReference; lastKnownFileType = sourcecode.swift; path = ProfileViewController.swift; sourceTree = "<group>"; };
		B8D72B10282B5E8800FCCE0C /* LoginViewController.swift */ = {isa = PBXFileReference; lastKnownFileType = sourcecode.swift; path = LoginViewController.swift; sourceTree = "<group>"; };
		B8D72B14282B633000FCCE0C /* RegisterViewController.swift */ = {isa = PBXFileReference; lastKnownFileType = sourcecode.swift; path = RegisterViewController.swift; sourceTree = "<group>"; };
		B8D72B16282B646E00FCCE0C /* PhotoViewerViewController.swift */ = {isa = PBXFileReference; lastKnownFileType = sourcecode.swift; path = PhotoViewerViewController.swift; sourceTree = "<group>"; };
		B8D72B18282B649700FCCE0C /* VideoPlayerViewController.swift */ = {isa = PBXFileReference; lastKnownFileType = sourcecode.swift; path = VideoPlayerViewController.swift; sourceTree = "<group>"; };
		B8D72B1A282B64FB00FCCE0C /* NewConversationViewController.swift */ = {isa = PBXFileReference; lastKnownFileType = sourcecode.swift; path = NewConversationViewController.swift; sourceTree = "<group>"; };
		B8F5E8002821133D00A4FAC9 /* Messenger.app */ = {isa = PBXFileReference; explicitFileType = wrapper.application; includeInIndex = 0; path = Messenger.app; sourceTree = BUILT_PRODUCTS_DIR; };
		B8F5E8032821133D00A4FAC9 /* AppDelegate.swift */ = {isa = PBXFileReference; lastKnownFileType = sourcecode.swift; path = AppDelegate.swift; sourceTree = "<group>"; };
		B8F5E8052821133D00A4FAC9 /* SceneDelegate.swift */ = {isa = PBXFileReference; lastKnownFileType = sourcecode.swift; path = SceneDelegate.swift; sourceTree = "<group>"; };
		B8F5E8072821133D00A4FAC9 /* ConversationsViewController.swift */ = {isa = PBXFileReference; lastKnownFileType = sourcecode.swift; path = ConversationsViewController.swift; sourceTree = "<group>"; };
		B8F5E80A2821133D00A4FAC9 /* Base */ = {isa = PBXFileReference; lastKnownFileType = file.storyboard; name = Base; path = Base.lproj/Main.storyboard; sourceTree = "<group>"; };
		B8F5E80C2821133E00A4FAC9 /* Assets.xcassets */ = {isa = PBXFileReference; lastKnownFileType = folder.assetcatalog; path = Assets.xcassets; sourceTree = "<group>"; };
		B8F5E80F2821133E00A4FAC9 /* Base */ = {isa = PBXFileReference; lastKnownFileType = file.storyboard; name = Base; path = Base.lproj/LaunchScreen.storyboard; sourceTree = "<group>"; };
		B8F5E8112821133E00A4FAC9 /* Info.plist */ = {isa = PBXFileReference; lastKnownFileType = text.plist.xml; path = Info.plist; sourceTree = "<group>"; };
		B8F5E8162821133E00A4FAC9 /* MessengerTests.xctest */ = {isa = PBXFileReference; explicitFileType = wrapper.cfbundle; includeInIndex = 0; path = MessengerTests.xctest; sourceTree = BUILT_PRODUCTS_DIR; };
		B8F5E81A2821133E00A4FAC9 /* MessengerTests.swift */ = {isa = PBXFileReference; lastKnownFileType = sourcecode.swift; path = MessengerTests.swift; sourceTree = "<group>"; };
		B8F5E8202821133E00A4FAC9 /* MessengerUITests.xctest */ = {isa = PBXFileReference; explicitFileType = wrapper.cfbundle; includeInIndex = 0; path = MessengerUITests.xctest; sourceTree = BUILT_PRODUCTS_DIR; };
		B8F5E8242821133E00A4FAC9 /* MessengerUITests.swift */ = {isa = PBXFileReference; lastKnownFileType = sourcecode.swift; path = MessengerUITests.swift; sourceTree = "<group>"; };
		B8F5E8262821133E00A4FAC9 /* MessengerUITestsLaunchTests.swift */ = {isa = PBXFileReference; lastKnownFileType = sourcecode.swift; path = MessengerUITestsLaunchTests.swift; sourceTree = "<group>"; };
/* End PBXFileReference section */

/* Begin PBXFrameworksBuildPhase section */
		B8F5E7FD2821133D00A4FAC9 /* Frameworks */ = {
			isa = PBXFrameworksBuildPhase;
			buildActionMask = 2147483647;
			files = (
			);
			runOnlyForDeploymentPostprocessing = 0;
		};
		B8F5E8132821133E00A4FAC9 /* Frameworks */ = {
			isa = PBXFrameworksBuildPhase;
			buildActionMask = 2147483647;
			files = (
			);
			runOnlyForDeploymentPostprocessing = 0;
		};
		B8F5E81D2821133E00A4FAC9 /* Frameworks */ = {
			isa = PBXFrameworksBuildPhase;
			buildActionMask = 2147483647;
			files = (
			);
			runOnlyForDeploymentPostprocessing = 0;
		};
/* End PBXFrameworksBuildPhase section */

/* Begin PBXGroup section */
		B847119628212D12006BA25A /* Controllers */ = {
			isa = PBXGroup;
			children = (
				B8F5E8072821133D00A4FAC9 /* ConversationsViewController.swift */,
				B8D72B10282B5E8800FCCE0C /* LoginViewController.swift */,
				B8D72B14282B633000FCCE0C /* RegisterViewController.swift */,
				B8D72B16282B646E00FCCE0C /* PhotoViewerViewController.swift */,
				B8D72B18282B649700FCCE0C /* VideoPlayerViewController.swift */,
				B8D72B1A282B64FB00FCCE0C /* NewConversationViewController.swift */,
				B8605E91282B869E0046326F /* ProfileViewController.swift */,
			);
			path = Controllers;
			sourceTree = "<group>";
		};
		B847119728212D2E006BA25A /* Views */ = {
			isa = PBXGroup;
			children = (
				B8D72B0D282B55C500FCCE0C /* storyboard */,
				B8F5E80C2821133E00A4FAC9 /* Assets.xcassets */,
			);
			path = Views;
			sourceTree = "<group>";
		};
		B847119828212D38006BA25A /* Models */ = {
			isa = PBXGroup;
			children = (
			);
			path = Models;
			sourceTree = "<group>";
		};
		B847119928212D7E006BA25A /* ViewModels */ = {
			isa = PBXGroup;
			children = (
			);
			path = ViewModels;
			sourceTree = "<group>";
		};
		B847119A28212D99006BA25A /* Resources */ = {
			isa = PBXGroup;
			children = (
				B8F5E8032821133D00A4FAC9 /* AppDelegate.swift */,
				B8F5E8052821133D00A4FAC9 /* SceneDelegate.swift */,
			);
			path = Resources;
			sourceTree = "<group>";
		};
		B8D72B0D282B55C500FCCE0C /* storyboard */ = {
			isa = PBXGroup;
			children = (
				B8F5E8092821133D00A4FAC9 /* Main.storyboard */,
				B8F5E80E2821133E00A4FAC9 /* LaunchScreen.storyboard */,
			);
			path = storyboard;
			sourceTree = "<group>";
		};
		B8F5E7F72821133D00A4FAC9 = {
			isa = PBXGroup;
			children = (
				B8F5E8022821133D00A4FAC9 /* Messenger */,
				B8F5E8192821133E00A4FAC9 /* MessengerTests */,
				B8F5E8232821133E00A4FAC9 /* MessengerUITests */,
				B8F5E8012821133D00A4FAC9 /* Products */,
			);
			sourceTree = "<group>";
		};
		B8F5E8012821133D00A4FAC9 /* Products */ = {
			isa = PBXGroup;
			children = (
				B8F5E8002821133D00A4FAC9 /* Messenger.app */,
				B8F5E8162821133E00A4FAC9 /* MessengerTests.xctest */,
				B8F5E8202821133E00A4FAC9 /* MessengerUITests.xctest */,
			);
			name = Products;
			sourceTree = "<group>";
		};
		B8F5E8022821133D00A4FAC9 /* Messenger */ = {
			isa = PBXGroup;
			children = (
				B847119A28212D99006BA25A /* Resources */,
				B847119928212D7E006BA25A /* ViewModels */,
				B847119828212D38006BA25A /* Models */,
				B847119728212D2E006BA25A /* Views */,
				B847119628212D12006BA25A /* Controllers */,
				B8F5E8112821133E00A4FAC9 /* Info.plist */,
			);
			path = Messenger;
			sourceTree = "<group>";
		};
		B8F5E8192821133E00A4FAC9 /* MessengerTests */ = {
			isa = PBXGroup;
			children = (
				B8F5E81A2821133E00A4FAC9 /* MessengerTests.swift */,
			);
			path = MessengerTests;
			sourceTree = "<group>";
		};
		B8F5E8232821133E00A4FAC9 /* MessengerUITests */ = {
			isa = PBXGroup;
			children = (
				B8F5E8242821133E00A4FAC9 /* MessengerUITests.swift */,
				B8F5E8262821133E00A4FAC9 /* MessengerUITestsLaunchTests.swift */,
			);
			path = MessengerUITests;
			sourceTree = "<group>";
		};
/* End PBXGroup section */

/* Begin PBXNativeTarget section */
		B8F5E7FF2821133D00A4FAC9 /* Messenger */ = {
			isa = PBXNativeTarget;
			buildConfigurationList = B8F5E82A2821133E00A4FAC9 /* Build configuration list for PBXNativeTarget "Messenger" */;
			buildPhases = (
				B8F5E7FC2821133D00A4FAC9 /* Sources */,
				B8F5E7FD2821133D00A4FAC9 /* Frameworks */,
				B8F5E7FE2821133D00A4FAC9 /* Resources */,
			);
			buildRules = (
			);
			dependencies = (
			);
			name = Messenger;
			productName = Messenger;
			productReference = B8F5E8002821133D00A4FAC9 /* Messenger.app */;
			productType = "com.apple.product-type.application";
		};
		B8F5E8152821133E00A4FAC9 /* MessengerTests */ = {
			isa = PBXNativeTarget;
			buildConfigurationList = B8F5E82D2821133E00A4FAC9 /* Build configuration list for PBXNativeTarget "MessengerTests" */;
			buildPhases = (
				B8F5E8122821133E00A4FAC9 /* Sources */,
				B8F5E8132821133E00A4FAC9 /* Frameworks */,
				B8F5E8142821133E00A4FAC9 /* Resources */,
			);
			buildRules = (
			);
			dependencies = (
				B8F5E8182821133E00A4FAC9 /* PBXTargetDependency */,
			);
			name = MessengerTests;
			productName = MessengerTests;
			productReference = B8F5E8162821133E00A4FAC9 /* MessengerTests.xctest */;
			productType = "com.apple.product-type.bundle.unit-test";
		};
		B8F5E81F2821133E00A4FAC9 /* MessengerUITests */ = {
			isa = PBXNativeTarget;
			buildConfigurationList = B8F5E8302821133E00A4FAC9 /* Build configuration list for PBXNativeTarget "MessengerUITests" */;
			buildPhases = (
				B8F5E81C2821133E00A4FAC9 /* Sources */,
				B8F5E81D2821133E00A4FAC9 /* Frameworks */,
				B8F5E81E2821133E00A4FAC9 /* Resources */,
			);
			buildRules = (
			);
			dependencies = (
				B8F5E8222821133E00A4FAC9 /* PBXTargetDependency */,
			);
			name = MessengerUITests;
			productName = MessengerUITests;
			productReference = B8F5E8202821133E00A4FAC9 /* MessengerUITests.xctest */;
			productType = "com.apple.product-type.bundle.ui-testing";
		};
/* End PBXNativeTarget section */

/* Begin PBXProject section */
		B8F5E7F82821133D00A4FAC9 /* Project object */ = {
			isa = PBXProject;
			attributes = {
				BuildIndependentTargetsInParallel = 1;
				LastSwiftUpdateCheck = 1330;
				LastUpgradeCheck = 1330;
				TargetAttributes = {
					B8F5E7FF2821133D00A4FAC9 = {
						CreatedOnToolsVersion = 13.3;
					};
					B8F5E8152821133E00A4FAC9 = {
						CreatedOnToolsVersion = 13.3;
						TestTargetID = B8F5E7FF2821133D00A4FAC9;
					};
					B8F5E81F2821133E00A4FAC9 = {
						CreatedOnToolsVersion = 13.3;
						TestTargetID = B8F5E7FF2821133D00A4FAC9;
					};
				};
			};
			buildConfigurationList = B8F5E7FB2821133D00A4FAC9 /* Build configuration list for PBXProject "Messenger" */;
			compatibilityVersion = "Xcode 13.0";
			developmentRegion = en;
			hasScannedForEncodings = 0;
			knownRegions = (
				en,
				Base,
			);
			mainGroup = B8F5E7F72821133D00A4FAC9;
			productRefGroup = B8F5E8012821133D00A4FAC9 /* Products */;
			projectDirPath = "";
			projectRoot = "";
			targets = (
				B8F5E7FF2821133D00A4FAC9 /* Messenger */,
				B8F5E8152821133E00A4FAC9 /* MessengerTests */,
				B8F5E81F2821133E00A4FAC9 /* MessengerUITests */,
			);
		};
/* End PBXProject section */

/* Begin PBXResourcesBuildPhase section */
		B8F5E7FE2821133D00A4FAC9 /* Resources */ = {
			isa = PBXResourcesBuildPhase;
			buildActionMask = 2147483647;
			files = (
				B8F5E8102821133E00A4FAC9 /* LaunchScreen.storyboard in Resources */,
				B8F5E80D2821133E00A4FAC9 /* Assets.xcassets in Resources */,
				B8F5E80B2821133D00A4FAC9 /* Main.storyboard in Resources */,
			);
			runOnlyForDeploymentPostprocessing = 0;
		};
		B8F5E8142821133E00A4FAC9 /* Resources */ = {
			isa = PBXResourcesBuildPhase;
			buildActionMask = 2147483647;
			files = (
			);
			runOnlyForDeploymentPostprocessing = 0;
		};
		B8F5E81E2821133E00A4FAC9 /* Resources */ = {
			isa = PBXResourcesBuildPhase;
			buildActionMask = 2147483647;
			files = (
			);
			runOnlyForDeploymentPostprocessing = 0;
		};
/* End PBXResourcesBuildPhase section */

/* Begin PBXSourcesBuildPhase section */
		B8F5E7FC2821133D00A4FAC9 /* Sources */ = {
			isa = PBXSourcesBuildPhase;
			buildActionMask = 2147483647;
			files = (
				B8D72B17282B646E00FCCE0C /* PhotoViewerViewController.swift in Sources */,
				B8D72B11282B5E8800FCCE0C /* LoginViewController.swift in Sources */,
				B8D72B1B282B64FB00FCCE0C /* NewConversationViewController.swift in Sources */,
				B8D72B15282B633000FCCE0C /* RegisterViewController.swift in Sources */,
				B8D72B19282B649700FCCE0C /* VideoPlayerViewController.swift in Sources */,
				B8F5E8042821133D00A4FAC9 /* AppDelegate.swift in Sources */,
				B8605E92282B869E0046326F /* ProfileViewController.swift in Sources */,
				B8F5E8062821133D00A4FAC9 /* SceneDelegate.swift in Sources */,
				B8D72B13282B62DE00FCCE0C /* ConversationsViewController.swift in Sources */,
			);
			runOnlyForDeploymentPostprocessing = 0;
		};
		B8F5E8122821133E00A4FAC9 /* Sources */ = {
			isa = PBXSourcesBuildPhase;
			buildActionMask = 2147483647;
			files = (
				B8F5E81B2821133E00A4FAC9 /* MessengerTests.swift in Sources */,
			);
			runOnlyForDeploymentPostprocessing = 0;
		};
		B8F5E81C2821133E00A4FAC9 /* Sources */ = {
			isa = PBXSourcesBuildPhase;
			buildActionMask = 2147483647;
			files = (
				B8F5E8272821133E00A4FAC9 /* MessengerUITestsLaunchTests.swift in Sources */,
				B8F5E8252821133E00A4FAC9 /* MessengerUITests.swift in Sources */,
			);
			runOnlyForDeploymentPostprocessing = 0;
		};
/* End PBXSourcesBuildPhase section */

/* Begin PBXTargetDependency section */
		B8F5E8182821133E00A4FAC9 /* PBXTargetDependency */ = {
			isa = PBXTargetDependency;
			target = B8F5E7FF2821133D00A4FAC9 /* Messenger */;
			targetProxy = B8F5E8172821133E00A4FAC9 /* PBXContainerItemProxy */;
		};
		B8F5E8222821133E00A4FAC9 /* PBXTargetDependency */ = {
			isa = PBXTargetDependency;
			target = B8F5E7FF2821133D00A4FAC9 /* Messenger */;
			targetProxy = B8F5E8212821133E00A4FAC9 /* PBXContainerItemProxy */;
		};
/* End PBXTargetDependency section */

/* Begin PBXVariantGroup section */
		B8F5E8092821133D00A4FAC9 /* Main.storyboard */ = {
			isa = PBXVariantGroup;
			children = (
				B8F5E80A2821133D00A4FAC9 /* Base */,
			);
			name = Main.storyboard;
			sourceTree = "<group>";
		};
		B8F5E80E2821133E00A4FAC9 /* LaunchScreen.storyboard */ = {
			isa = PBXVariantGroup;
			children = (
				B8F5E80F2821133E00A4FAC9 /* Base */,
			);
			name = LaunchScreen.storyboard;
			sourceTree = "<group>";
		};
/* End PBXVariantGroup section */

/* Begin XCBuildConfiguration section */
		B8F5E8282821133E00A4FAC9 /* Debug */ = {
			isa = XCBuildConfiguration;
			buildSettings = {
				ALWAYS_SEARCH_USER_PATHS = NO;
				CLANG_ANALYZER_NONNULL = YES;
				CLANG_ANALYZER_NUMBER_OBJECT_CONVERSION = YES_AGGRESSIVE;
				CLANG_CXX_LANGUAGE_STANDARD = "gnu++17";
				CLANG_ENABLE_MODULES = YES;
				CLANG_ENABLE_OBJC_ARC = YES;
				CLANG_ENABLE_OBJC_WEAK = YES;
				CLANG_WARN_BLOCK_CAPTURE_AUTORELEASING = YES;
				CLANG_WARN_BOOL_CONVERSION = YES;
				CLANG_WARN_COMMA = YES;
				CLANG_WARN_CONSTANT_CONVERSION = YES;
				CLANG_WARN_DEPRECATED_OBJC_IMPLEMENTATIONS = YES;
				CLANG_WARN_DIRECT_OBJC_ISA_USAGE = YES_ERROR;
				CLANG_WARN_DOCUMENTATION_COMMENTS = YES;
				CLANG_WARN_EMPTY_BODY = YES;
				CLANG_WARN_ENUM_CONVERSION = YES;
				CLANG_WARN_INFINITE_RECURSION = YES;
				CLANG_WARN_INT_CONVERSION = YES;
				CLANG_WARN_NON_LITERAL_NULL_CONVERSION = YES;
				CLANG_WARN_OBJC_IMPLICIT_RETAIN_SELF = YES;
				CLANG_WARN_OBJC_LITERAL_CONVERSION = YES;
				CLANG_WARN_OBJC_ROOT_CLASS = YES_ERROR;
				CLANG_WARN_QUOTED_INCLUDE_IN_FRAMEWORK_HEADER = YES;
				CLANG_WARN_RANGE_LOOP_ANALYSIS = YES;
				CLANG_WARN_STRICT_PROTOTYPES = YES;
				CLANG_WARN_SUSPICIOUS_MOVE = YES;
				CLANG_WARN_UNGUARDED_AVAILABILITY = YES_AGGRESSIVE;
				CLANG_WARN_UNREACHABLE_CODE = YES;
				CLANG_WARN__DUPLICATE_METHOD_MATCH = YES;
				COPY_PHASE_STRIP = NO;
				DEBUG_INFORMATION_FORMAT = dwarf;
				ENABLE_STRICT_OBJC_MSGSEND = YES;
				ENABLE_TESTABILITY = YES;
				GCC_C_LANGUAGE_STANDARD = gnu11;
				GCC_DYNAMIC_NO_PIC = NO;
				GCC_NO_COMMON_BLOCKS = YES;
				GCC_OPTIMIZATION_LEVEL = 0;
				GCC_PREPROCESSOR_DEFINITIONS = (
					"DEBUG=1",
					"$(inherited)",
				);
				GCC_WARN_64_TO_32_BIT_CONVERSION = YES;
				GCC_WARN_ABOUT_RETURN_TYPE = YES_ERROR;
				GCC_WARN_UNDECLARED_SELECTOR = YES;
				GCC_WARN_UNINITIALIZED_AUTOS = YES_AGGRESSIVE;
				GCC_WARN_UNUSED_FUNCTION = YES;
				GCC_WARN_UNUSED_VARIABLE = YES;
				IPHONEOS_DEPLOYMENT_TARGET = 15.4;
				MTL_ENABLE_DEBUG_INFO = INCLUDE_SOURCE;
				MTL_FAST_MATH = YES;
				ONLY_ACTIVE_ARCH = YES;
				SDKROOT = iphoneos;
				SWIFT_ACTIVE_COMPILATION_CONDITIONS = DEBUG;
				SWIFT_OPTIMIZATION_LEVEL = "-Onone";
			};
			name = Debug;
		};
		B8F5E8292821133E00A4FAC9 /* Release */ = {
			isa = XCBuildConfiguration;
			buildSettings = {
				ALWAYS_SEARCH_USER_PATHS = NO;
				CLANG_ANALYZER_NONNULL = YES;
				CLANG_ANALYZER_NUMBER_OBJECT_CONVERSION = YES_AGGRESSIVE;
				CLANG_CXX_LANGUAGE_STANDARD = "gnu++17";
				CLANG_ENABLE_MODULES = YES;
				CLANG_ENABLE_OBJC_ARC = YES;
				CLANG_ENABLE_OBJC_WEAK = YES;
				CLANG_WARN_BLOCK_CAPTURE_AUTORELEASING = YES;
				CLANG_WARN_BOOL_CONVERSION = YES;
				CLANG_WARN_COMMA = YES;
				CLANG_WARN_CONSTANT_CONVERSION = YES;
				CLANG_WARN_DEPRECATED_OBJC_IMPLEMENTATIONS = YES;
				CLANG_WARN_DIRECT_OBJC_ISA_USAGE = YES_ERROR;
				CLANG_WARN_DOCUMENTATION_COMMENTS = YES;
				CLANG_WARN_EMPTY_BODY = YES;
				CLANG_WARN_ENUM_CONVERSION = YES;
				CLANG_WARN_INFINITE_RECURSION = YES;
				CLANG_WARN_INT_CONVERSION = YES;
				CLANG_WARN_NON_LITERAL_NULL_CONVERSION = YES;
				CLANG_WARN_OBJC_IMPLICIT_RETAIN_SELF = YES;
				CLANG_WARN_OBJC_LITERAL_CONVERSION = YES;
				CLANG_WARN_OBJC_ROOT_CLASS = YES_ERROR;
				CLANG_WARN_QUOTED_INCLUDE_IN_FRAMEWORK_HEADER = YES;
				CLANG_WARN_RANGE_LOOP_ANALYSIS = YES;
				CLANG_WARN_STRICT_PROTOTYPES = YES;
				CLANG_WARN_SUSPICIOUS_MOVE = YES;
				CLANG_WARN_UNGUARDED_AVAILABILITY = YES_AGGRESSIVE;
				CLANG_WARN_UNREACHABLE_CODE = YES;
				CLANG_WARN__DUPLICATE_METHOD_MATCH = YES;
				COPY_PHASE_STRIP = NO;
				DEBUG_INFORMATION_FORMAT = "dwarf-with-dsym";
				ENABLE_NS_ASSERTIONS = NO;
				ENABLE_STRICT_OBJC_MSGSEND = YES;
				GCC_C_LANGUAGE_STANDARD = gnu11;
				GCC_NO_COMMON_BLOCKS = YES;
				GCC_WARN_64_TO_32_BIT_CONVERSION = YES;
				GCC_WARN_ABOUT_RETURN_TYPE = YES_ERROR;
				GCC_WARN_UNDECLARED_SELECTOR = YES;
				GCC_WARN_UNINITIALIZED_AUTOS = YES_AGGRESSIVE;
				GCC_WARN_UNUSED_FUNCTION = YES;
				GCC_WARN_UNUSED_VARIABLE = YES;
				IPHONEOS_DEPLOYMENT_TARGET = 15.4;
				MTL_ENABLE_DEBUG_INFO = NO;
				MTL_FAST_MATH = YES;
				SDKROOT = iphoneos;
				SWIFT_COMPILATION_MODE = wholemodule;
				SWIFT_OPTIMIZATION_LEVEL = "-O";
				VALIDATE_PRODUCT = YES;
			};
			name = Release;
		};
		B8F5E82B2821133E00A4FAC9 /* Debug */ = {
			isa = XCBuildConfiguration;
			buildSettings = {
				ASSETCATALOG_COMPILER_APPICON_NAME = AppIcon;
				ASSETCATALOG_COMPILER_GLOBAL_ACCENT_COLOR_NAME = AccentColor;
				CODE_SIGN_STYLE = Automatic;
				CURRENT_PROJECT_VERSION = 1;
				GENERATE_INFOPLIST_FILE = YES;
				INFOPLIST_FILE = Messenger/Info.plist;
				INFOPLIST_KEY_UIApplicationSupportsIndirectInputEvents = YES;
				INFOPLIST_KEY_UILaunchStoryboardName = LaunchScreen;
				INFOPLIST_KEY_UIMainStoryboardFile = Main;
				INFOPLIST_KEY_UISupportedInterfaceOrientations_iPad = "UIInterfaceOrientationPortrait UIInterfaceOrientationPortraitUpsideDown UIInterfaceOrientationLandscapeLeft UIInterfaceOrientationLandscapeRight";
				INFOPLIST_KEY_UISupportedInterfaceOrientations_iPhone = "UIInterfaceOrientationPortrait UIInterfaceOrientationLandscapeLeft UIInterfaceOrientationLandscapeRight";
				LD_RUNPATH_SEARCH_PATHS = (
					"$(inherited)",
					"@executable_path/Frameworks",
				);
				MARKETING_VERSION = 1.0;
				PRODUCT_BUNDLE_IDENTIFIER = com.jolucky.jojo.Messenger;
				PRODUCT_NAME = "$(TARGET_NAME)";
				SWIFT_EMIT_LOC_STRINGS = YES;
				SWIFT_VERSION = 5.0;
				TARGETED_DEVICE_FAMILY = "1,2";
			};
			name = Debug;
		};
		B8F5E82C2821133E00A4FAC9 /* Release */ = {
			isa = XCBuildConfiguration;
			buildSettings = {
				ASSETCATALOG_COMPILER_APPICON_NAME = AppIcon;
				ASSETCATALOG_COMPILER_GLOBAL_ACCENT_COLOR_NAME = AccentColor;
				CODE_SIGN_STYLE = Automatic;
				CURRENT_PROJECT_VERSION = 1;
				GENERATE_INFOPLIST_FILE = YES;
				INFOPLIST_FILE = Messenger/Info.plist;
				INFOPLIST_KEY_UIApplicationSupportsIndirectInputEvents = YES;
				INFOPLIST_KEY_UILaunchStoryboardName = LaunchScreen;
				INFOPLIST_KEY_UIMainStoryboardFile = Main;
				INFOPLIST_KEY_UISupportedInterfaceOrientations_iPad = "UIInterfaceOrientationPortrait UIInterfaceOrientationPortraitUpsideDown UIInterfaceOrientationLandscapeLeft UIInterfaceOrientationLandscapeRight";
				INFOPLIST_KEY_UISupportedInterfaceOrientations_iPhone = "UIInterfaceOrientationPortrait UIInterfaceOrientationLandscapeLeft UIInterfaceOrientationLandscapeRight";
				LD_RUNPATH_SEARCH_PATHS = (
					"$(inherited)",
					"@executable_path/Frameworks",
				);
				MARKETING_VERSION = 1.0;
				PRODUCT_BUNDLE_IDENTIFIER = com.jolucky.jojo.Messenger;
				PRODUCT_NAME = "$(TARGET_NAME)";
				SWIFT_EMIT_LOC_STRINGS = YES;
				SWIFT_VERSION = 5.0;
				TARGETED_DEVICE_FAMILY = "1,2";
			};
			name = Release;
		};
		B8F5E82E2821133E00A4FAC9 /* Debug */ = {
			isa = XCBuildConfiguration;
			buildSettings = {
				ALWAYS_EMBED_SWIFT_STANDARD_LIBRARIES = YES;
				BUNDLE_LOADER = "$(TEST_HOST)";
				CODE_SIGN_STYLE = Automatic;
				CURRENT_PROJECT_VERSION = 1;
				GENERATE_INFOPLIST_FILE = YES;
				IPHONEOS_DEPLOYMENT_TARGET = 15.4;
				MARKETING_VERSION = 1.0;
				PRODUCT_BUNDLE_IDENTIFIER = com.jolucky.jojo.MessengerTests;
				PRODUCT_NAME = "$(TARGET_NAME)";
				SWIFT_EMIT_LOC_STRINGS = NO;
				SWIFT_VERSION = 5.0;
				TARGETED_DEVICE_FAMILY = "1,2";
				TEST_HOST = "$(BUILT_PRODUCTS_DIR)/Messenger.app/Messenger";
			};
			name = Debug;
		};
		B8F5E82F2821133E00A4FAC9 /* Release */ = {
			isa = XCBuildConfiguration;
			buildSettings = {
				ALWAYS_EMBED_SWIFT_STANDARD_LIBRARIES = YES;
				BUNDLE_LOADER = "$(TEST_HOST)";
				CODE_SIGN_STYLE = Automatic;
				CURRENT_PROJECT_VERSION = 1;
				GENERATE_INFOPLIST_FILE = YES;
				IPHONEOS_DEPLOYMENT_TARGET = 15.4;
				MARKETING_VERSION = 1.0;
				PRODUCT_BUNDLE_IDENTIFIER = com.jolucky.jojo.MessengerTests;
				PRODUCT_NAME = "$(TARGET_NAME)";
				SWIFT_EMIT_LOC_STRINGS = NO;
				SWIFT_VERSION = 5.0;
				TARGETED_DEVICE_FAMILY = "1,2";
				TEST_HOST = "$(BUILT_PRODUCTS_DIR)/Messenger.app/Messenger";
			};
			name = Release;
		};
		B8F5E8312821133E00A4FAC9 /* Debug */ = {
			isa = XCBuildConfiguration;
			buildSettings = {
				ALWAYS_EMBED_SWIFT_STANDARD_LIBRARIES = YES;
				CODE_SIGN_STYLE = Automatic;
				CURRENT_PROJECT_VERSION = 1;
				GENERATE_INFOPLIST_FILE = YES;
				MARKETING_VERSION = 1.0;
				PRODUCT_BUNDLE_IDENTIFIER = com.jolucky.jojo.MessengerUITests;
				PRODUCT_NAME = "$(TARGET_NAME)";
				SWIFT_EMIT_LOC_STRINGS = NO;
				SWIFT_VERSION = 5.0;
				TARGETED_DEVICE_FAMILY = "1,2";
				TEST_TARGET_NAME = Messenger;
			};
			name = Debug;
		};
		B8F5E8322821133E00A4FAC9 /* Release */ = {
			isa = XCBuildConfiguration;
			buildSettings = {
				ALWAYS_EMBED_SWIFT_STANDARD_LIBRARIES = YES;
				CODE_SIGN_STYLE = Automatic;
				CURRENT_PROJECT_VERSION = 1;
				GENERATE_INFOPLIST_FILE = YES;
				MARKETING_VERSION = 1.0;
				PRODUCT_BUNDLE_IDENTIFIER = com.jolucky.jojo.MessengerUITests;
				PRODUCT_NAME = "$(TARGET_NAME)";
				SWIFT_EMIT_LOC_STRINGS = NO;
				SWIFT_VERSION = 5.0;
				TARGETED_DEVICE_FAMILY = "1,2";
				TEST_TARGET_NAME = Messenger;
			};
			name = Release;
		};
/* End XCBuildConfiguration section */

/* Begin XCConfigurationList section */
		B8F5E7FB2821133D00A4FAC9 /* Build configuration list for PBXProject "Messenger" */ = {
			isa = XCConfigurationList;
			buildConfigurations = (
				B8F5E8282821133E00A4FAC9 /* Debug */,
				B8F5E8292821133E00A4FAC9 /* Release */,
			);
			defaultConfigurationIsVisible = 0;
			defaultConfigurationName = Release;
		};
		B8F5E82A2821133E00A4FAC9 /* Build configuration list for PBXNativeTarget "Messenger" */ = {
			isa = XCConfigurationList;
			buildConfigurations = (
				B8F5E82B2821133E00A4FAC9 /* Debug */,
				B8F5E82C2821133E00A4FAC9 /* Release */,
			);
			defaultConfigurationIsVisible = 0;
			defaultConfigurationName = Release;
		};
		B8F5E82D2821133E00A4FAC9 /* Build configuration list for PBXNativeTarget "MessengerTests" */ = {
			isa = XCConfigurationList;
			buildConfigurations = (
				B8F5E82E2821133E00A4FAC9 /* Debug */,
				B8F5E82F2821133E00A4FAC9 /* Release */,
			);
			defaultConfigurationIsVisible = 0;
			defaultConfigurationName = Release;
		};
		B8F5E8302821133E00A4FAC9 /* Build configuration list for PBXNativeTarget "MessengerUITests" */ = {
			isa = XCConfigurationList;
			buildConfigurations = (
				B8F5E8312821133E00A4FAC9 /* Debug */,
				B8F5E8322821133E00A4FAC9 /* Release */,
			);
			defaultConfigurationIsVisible = 0;
			defaultConfigurationName = Release;
		};
/* End XCConfigurationList section */
	};
	rootObject = B8F5E7F82821133D00A4FAC9 /* Project object */;
}
